
Microsoft Visual Studio Solution File, Format Version 12.00
# Visual Studio Version 16
VisualStudioVersion = 25.0.1700.2
MinimumVisualStudioVersion = 10.0.40219.1
Project("{FAE04EC0-301F-11D3-BF4B-00C04F79EFBC}") = "PointsApiApp", "PointsApiApp\PointsApiApp.csproj", "{FB9E150F-9E21-44C7-89B2-50DF169B5F30}"
EndProject
Global
	GlobalSection(SolutionConfigurationPlatforms) = preSolution
		Debug|Any CPU = Debug|Any CPU
		Release|Any CPU = Release|Any CPU
	EndGlobalSection
	GlobalSection(ProjectConfigurationPlatforms) = postSolution
		{FB9E150F-9E21-44C7-89B2-50DF169B5F30}.Debug|Any CPU.ActiveCfg = Debug|Any CPU
		{FB9E150F-9E21-44C7-89B2-50DF169B5F30}.Debug|Any CPU.Build.0 = Debug|Any CPU
		{FB9E150F-9E21-44C7-89B2-50DF169B5F30}.Release|Any CPU.ActiveCfg = Release|Any CPU
		{FB9E150F-9E21-44C7-89B2-50DF169B5F30}.Release|Any CPU.Build.0 = Release|Any CPU
	EndGlobalSection
	GlobalSection(SolutionProperties) = preSolution
		HideSolutionNode = FALSE
	EndGlobalSection
	GlobalSection(ExtensibilityGlobals) = postSolution
		SolutionGuid = {04C76EF1-1A4E-48AC-BF1B-D293DFC9BF5F}
	EndGlobalSection
EndGlobal
